
Microsoft Visual Studio Solution File, Format Version 12.00
# Visual Studio 15
VisualStudioVersion = 15.0.27130.2027
MinimumVisualStudioVersion = 10.0.40219.1
Project("{FAE04EC0-301F-11D3-BF4B-00C04F79EFBC}") = "hackVM", "hackVM.csproj", "{B96FF949-89DE-48BA-A818-881669B0581D}"
EndProject
Global
	GlobalSection(SolutionConfigurationPlatforms) = preSolution
		Debug|Any CPU = Debug|Any CPU
		Release|Any CPU = Release|Any CPU
	EndGlobalSection
	GlobalSection(ProjectConfigurationPlatforms) = postSolution
		{B96FF949-89DE-48BA-A818-881669B0581D}.Debug|Any CPU.ActiveCfg = Debug|Any CPU
		{B96FF949-89DE-48BA-A818-881669B0581D}.Debug|Any CPU.Build.0 = Debug|Any CPU
		{B96FF949-89DE-48BA-A818-881669B0581D}.Release|Any CPU.ActiveCfg = Release|Any CPU
		{B96FF949-89DE-48BA-A818-881669B0581D}.Release|Any CPU.Build.0 = Release|Any CPU
	EndGlobalSection
	GlobalSection(SolutionProperties) = preSolution
		HideSolutionNode = FALSE
	EndGlobalSection
	GlobalSection(ExtensibilityGlobals) = postSolution
		SolutionGuid = {DE628E38-71AA-47D6-B113-412B5FBEE7CE}
	EndGlobalSection
EndGlobal
